
Microsoft Visual Studio Solution File, Format Version 12.00
# Visual Studio 15
Project("{FAE04EC0-301F-11D3-BF4B-00C04F79EFBC}") = "Assembly-CSharp", "Assembly-CSharp.csproj", "{FC9E283D-538B-2BEC-D76A-11AAB4714876}"
EndProject
Project("{FAE04EC0-301F-11D3-BF4B-00C04F79EFBC}") = "Assembly-CSharp-Editor", "Assembly-CSharp-Editor.csproj", "{86B21D34-9353-3238-7358-064212285B21}"
EndProject
Global
	GlobalSection(SolutionConfigurationPlatforms) = preSolution
		Debug|Any CPU = Debug|Any CPU
		Release|Any CPU = Release|Any CPU
	EndGlobalSection
	GlobalSection(ProjectConfigurationPlatforms) = postSolution
		{FC9E283D-538B-2BEC-D76A-11AAB4714876}.Debug|Any CPU.ActiveCfg = Debug|Any CPU
		{FC9E283D-538B-2BEC-D76A-11AAB4714876}.Debug|Any CPU.Build.0 = Debug|Any CPU
		{FC9E283D-538B-2BEC-D76A-11AAB4714876}.Release|Any CPU.ActiveCfg = Release|Any CPU
		{FC9E283D-538B-2BEC-D76A-11AAB4714876}.Release|Any CPU.Build.0 = Release|Any CPU
		{86B21D34-9353-3238-7358-064212285B21}.Debug|Any CPU.ActiveCfg = Debug|Any CPU
		{86B21D34-9353-3238-7358-064212285B21}.Debug|Any CPU.Build.0 = Debug|Any CPU
		{86B21D34-9353-3238-7358-064212285B21}.Release|Any CPU.ActiveCfg = Release|Any CPU
		{86B21D34-9353-3238-7358-064212285B21}.Release|Any CPU.Build.0 = Release|Any CPU
	EndGlobalSection
	GlobalSection(SolutionProperties) = preSolution
		HideSolutionNode = FALSE
	EndGlobalSection
EndGlobal
